
Microsoft Visual Studio Solution File, Format Version 12.00
# Visual Studio Version 16
VisualStudioVersion = 16.0.28721.148
MinimumVisualStudioVersion = 10.0.40219.1
Project("{FAE04EC0-301F-11D3-BF4B-00C04F79EFBC}") = "TravelAgency", "TravelAgency\TravelAgency.csproj", "{30FC62E0-1D4A-4EBB-AAEB-9E2AD8BE1DC5}"
EndProject
Global
	GlobalSection(SolutionConfigurationPlatforms) = preSolution
		Debug|Any CPU = Debug|Any CPU
		Release|Any CPU = Release|Any CPU
	EndGlobalSection
	GlobalSection(ProjectConfigurationPlatforms) = postSolution
		{30FC62E0-1D4A-4EBB-AAEB-9E2AD8BE1DC5}.Debug|Any CPU.ActiveCfg = Debug|Any CPU
		{30FC62E0-1D4A-4EBB-AAEB-9E2AD8BE1DC5}.Debug|Any CPU.Build.0 = Debug|Any CPU
		{30FC62E0-1D4A-4EBB-AAEB-9E2AD8BE1DC5}.Release|Any CPU.ActiveCfg = Release|Any CPU
		{30FC62E0-1D4A-4EBB-AAEB-9E2AD8BE1DC5}.Release|Any CPU.Build.0 = Release|Any CPU
	EndGlobalSection
	GlobalSection(SolutionProperties) = preSolution
		HideSolutionNode = FALSE
	EndGlobalSection
	GlobalSection(ExtensibilityGlobals) = postSolution
		SolutionGuid = {7773827F-0CEC-4B8E-B4DD-884B2BF943D1}
	EndGlobalSection
EndGlobal
